
Microsoft Visual Studio Solution File, Format Version 12.00
# Visual Studio Version 17
VisualStudioVersion = 17.5.33516.290
MinimumVisualStudioVersion = 10.0.40219.1
Project("{FAE04EC0-301F-11D3-BF4B-00C04F79EFBC}") = "PicPig", "PicPig\PicPig.csproj", "{2BBAB2EB-D1CC-47DB-BC91-00E8E25BBFDE}"
EndProject
Global
	GlobalSection(SolutionConfigurationPlatforms) = preSolution
		Debug|Any CPU = Debug|Any CPU
		Release|Any CPU = Release|Any CPU
	EndGlobalSection
	GlobalSection(ProjectConfigurationPlatforms) = postSolution
		{2BBAB2EB-D1CC-47DB-BC91-00E8E25BBFDE}.Debug|Any CPU.ActiveCfg = Debug|Any CPU
		{2BBAB2EB-D1CC-47DB-BC91-00E8E25BBFDE}.Debug|Any CPU.Build.0 = Debug|Any CPU
		{2BBAB2EB-D1CC-47DB-BC91-00E8E25BBFDE}.Release|Any CPU.ActiveCfg = Release|Any CPU
		{2BBAB2EB-D1CC-47DB-BC91-00E8E25BBFDE}.Release|Any CPU.Build.0 = Release|Any CPU
	EndGlobalSection
	GlobalSection(SolutionProperties) = preSolution
		HideSolutionNode = FALSE
	EndGlobalSection
	GlobalSection(ExtensibilityGlobals) = postSolution
		SolutionGuid = {4D6FEB93-4221-4D58-BF78-EAD73B9568BF}
	EndGlobalSection
EndGlobal
